<?xml version="1.0" encoding="utf-8"?>
<Project ToolsVersion="4.0" xmlns="http://schemas.microsoft.com/developer/msbuild/2003">
  <ItemGroup>
    <Filter Include="Source Files">
      <UniqueIdentifier>{4FC737F1-C7A5-4376-A066-2A32D752A2FF}</UniqueIdentifier>
      <Extensions>cpp;c;cc;cxx;def;odl;idl;hpj;bat;asm;asmx</Extensions>
    </Filter>
    <Filter Include="Header Files">
      <UniqueIdentifier>{93995380-89BD-4b04-88EB-625FBE52EBFB}</UniqueIdentifier>
      <Extensions>h;hpp;hxx;hm;inl;inc;xsd</Extensions>
    </Filter>
    <Filter Include="Resource Files">
      <UniqueIdentifier>{67DA6AB6-F800-4c08-8B7A-83BB121AAD01}</UniqueIdentifier>
      <Extensions>rc;ico;cur;bmp;dlg;rc2;rct;bin;rgs;gif;jpg;jpeg;jpe;resx;tiff;tif;png;wav;mfcribbon-ms</Extensions>
    </Filter>
  </ItemGroup>
  <ItemGroup>
    <Text Include="ReadMe.txt" />
  </ItemGroup>
  <ItemGroup>
    <ClInclude Include="stdafx.h">
      <Filter>Header Files</Filter>
    </ClInclude>
    <ClInclude Include="targetver.h">
      <Filter>Header Files</Filter>
    </ClInclude>
    <ClInclude Include="assembly.h">
      <Filter>Header Files</Filter>
    </ClInclude>
    <ClInclude Include="argument.h">
      <Filter>Header Files</Filter>
    </ClInclude>
    <ClInclude Include="csv_parser.hpp">
      <Filter>Header Files</Filter>
    </ClInclude>
    <ClInclude Include="detours_function.h">
      <Filter>Header Files</Filter>
    </ClInclude>
    <ClInclude Include="debug_log.h">
      <Filter>Header Files</Filter>
    </ClInclude>
    <ClInclude Include="macros.h">
      <Filter>Header Files</Filter>
    </ClInclude>
    <ClInclude Include="structured_exception_handle.hpp">
      <Filter>Header Files</Filter>
    </ClInclude>
    <ClInclude Include="registry.h">
      <Filter>Header Files</Filter>
    </ClInclude>
    <ClInclude Include="WMI_control.h">
      <Filter>Header Files</Filter>
    </ClInclude>
    <ClInclude Include="event_sink.h">
      <Filter>Header Files</Filter>
    </ClInclude>
    <ClInclude Include="my_exception.h">
      <Filter>Header Files</Filter>
    </ClInclude>
    <ClInclude Include="ini_util.h">
      <Filter>Header Files</Filter>
    </ClInclude>
    <ClInclude Include="dll_injector.hpp">
      <Filter>Header Files</Filter>
    </ClInclude>
    <ClInclude Include="locale_util.hpp">
      <Filter>Header Files</Filter>
    </ClInclude>
    <ClInclude Include="MyFileStream.h">
      <Filter>Header Files</Filter>
    </ClInclude>
    <ClInclude Include="string_utils.hpp">
      <Filter>Header Files</Filter>
    </ClInclude>
    <ClInclude Include="standard_exception_utils.hpp">
      <Filter>Header Files</Filter>
    </ClInclude>
    <ClInclude Include="AutoLock.hpp">
      <Filter>Header Files</Filter>
    </ClInclude>
    <ClInclude Include="filesystem_util.h">
      <Filter>Header Files</Filter>
    </ClInclude>
    <ClInclude Include="debug_log_extension.h">
      <Filter>Header Files</Filter>
    </ClInclude>
  </ItemGroup>
  <ItemGroup>
    <ClCompile Include="stdafx.cpp">
      <Filter>Source Files</Filter>
    </ClCompile>
    <ClCompile Include="assembly.cpp">
      <Filter>Source Files</Filter>
    </ClCompile>
    <ClCompile Include="argument.cpp">
      <Filter>Source Files</Filter>
    </ClCompile>
    <ClCompile Include="detours_function.cpp">
      <Filter>Source Files</Filter>
    </ClCompile>
    <ClCompile Include="debug_log.cpp">
      <Filter>Source Files</Filter>
    </ClCompile>
    <ClCompile Include="registry.cpp">
      <Filter>Source Files</Filter>
    </ClCompile>
    <ClCompile Include="WMI_control.cpp">
      <Filter>Source Files</Filter>
    </ClCompile>
    <ClCompile Include="event_sink.cpp">
      <Filter>Source Files</Filter>
    </ClCompile>
    <ClCompile Include="my_exception.cpp">
      <Filter>Source Files</Filter>
    </ClCompile>
    <ClCompile Include="ini_util.cpp">
      <Filter>Source Files</Filter>
    </ClCompile>
    <ClCompile Include="MyFileStream.cpp">
      <Filter>Source Files</Filter>
    </ClCompile>
    <ClCompile Include="filesystem_util.cpp">
      <Filter>Source Files</Filter>
    </ClCompile>
    <ClCompile Include="debug_log_extension.cpp">
      <Filter>Source Files</Filter>
    </ClCompile>
  </ItemGroup>
</Project>